
Microsoft Visual Studio Solution File, Format Version 12.00
# Visual Studio Version 16
VisualStudioVersion = 16.0.31605.320
MinimumVisualStudioVersion = 10.0.40219.1
Project("{FAE04EC0-301F-11D3-BF4B-00C04F79EFBC}") = "Basicconcepts_Day2", "Basicconcepts_Day2\Basicconcepts_Day2.csproj", "{27E61302-6824-4BF5-B855-555C9EBD9AE4}"
EndProject
Global
	GlobalSection(SolutionConfigurationPlatforms) = preSolution
		Debug|Any CPU = Debug|Any CPU
		Release|Any CPU = Release|Any CPU
	EndGlobalSection
	GlobalSection(ProjectConfigurationPlatforms) = postSolution
		{27E61302-6824-4BF5-B855-555C9EBD9AE4}.Debug|Any CPU.ActiveCfg = Debug|Any CPU
		{27E61302-6824-4BF5-B855-555C9EBD9AE4}.Debug|Any CPU.Build.0 = Debug|Any CPU
		{27E61302-6824-4BF5-B855-555C9EBD9AE4}.Release|Any CPU.ActiveCfg = Release|Any CPU
		{27E61302-6824-4BF5-B855-555C9EBD9AE4}.Release|Any CPU.Build.0 = Release|Any CPU
	EndGlobalSection
	GlobalSection(SolutionProperties) = preSolution
		HideSolutionNode = FALSE
	EndGlobalSection
	GlobalSection(ExtensibilityGlobals) = postSolution
		SolutionGuid = {E7966208-EFF0-4BFF-B751-9A099D3BAD43}
	EndGlobalSection
EndGlobal
