
Microsoft Visual Studio Solution File, Format Version 12.00
# Visual Studio Version 16
VisualStudioVersion = 16.0.31605.320
MinimumVisualStudioVersion = 10.0.40219.1
Project("{FAE04EC0-301F-11D3-BF4B-00C04F79EFBC}") = "Encryption_Day5", "Encryption_Day5\Encryption_Day5.csproj", "{FF323D97-E448-4E2F-AAD1-C309E3B5A27F}"
EndProject
Global
	GlobalSection(SolutionConfigurationPlatforms) = preSolution
		Debug|Any CPU = Debug|Any CPU
		Release|Any CPU = Release|Any CPU
	EndGlobalSection
	GlobalSection(ProjectConfigurationPlatforms) = postSolution
		{FF323D97-E448-4E2F-AAD1-C309E3B5A27F}.Debug|Any CPU.ActiveCfg = Debug|Any CPU
		{FF323D97-E448-4E2F-AAD1-C309E3B5A27F}.Debug|Any CPU.Build.0 = Debug|Any CPU
		{FF323D97-E448-4E2F-AAD1-C309E3B5A27F}.Release|Any CPU.ActiveCfg = Release|Any CPU
		{FF323D97-E448-4E2F-AAD1-C309E3B5A27F}.Release|Any CPU.Build.0 = Release|Any CPU
	EndGlobalSection
	GlobalSection(SolutionProperties) = preSolution
		HideSolutionNode = FALSE
	EndGlobalSection
	GlobalSection(ExtensibilityGlobals) = postSolution
		SolutionGuid = {08C08117-04F2-4A33-9BB2-CAFE5105CD1A}
	EndGlobalSection
EndGlobal
