
Microsoft Visual Studio Solution File, Format Version 12.00
# Visual Studio Version 16
VisualStudioVersion = 16.0.31605.320
MinimumVisualStudioVersion = 10.0.40219.1
Project("{FAE04EC0-301F-11D3-BF4B-00C04F79EFBC}") = "Finalizer_day5", "Finalizer_day5\Finalizer_day5.csproj", "{14B2A739-9226-48A8-B026-D15FF782106C}"
EndProject
Global
	GlobalSection(SolutionConfigurationPlatforms) = preSolution
		Debug|Any CPU = Debug|Any CPU
		Release|Any CPU = Release|Any CPU
	EndGlobalSection
	GlobalSection(ProjectConfigurationPlatforms) = postSolution
		{14B2A739-9226-48A8-B026-D15FF782106C}.Debug|Any CPU.ActiveCfg = Debug|Any CPU
		{14B2A739-9226-48A8-B026-D15FF782106C}.Debug|Any CPU.Build.0 = Debug|Any CPU
		{14B2A739-9226-48A8-B026-D15FF782106C}.Release|Any CPU.ActiveCfg = Release|Any CPU
		{14B2A739-9226-48A8-B026-D15FF782106C}.Release|Any CPU.Build.0 = Release|Any CPU
	EndGlobalSection
	GlobalSection(SolutionProperties) = preSolution
		HideSolutionNode = FALSE
	EndGlobalSection
	GlobalSection(ExtensibilityGlobals) = postSolution
		SolutionGuid = {8D4047C6-F10B-4CAF-BC62-26FE432E503B}
	EndGlobalSection
EndGlobal
