
Microsoft Visual Studio Solution File, Format Version 12.00
# Visual Studio Version 16
VisualStudioVersion = 16.0.31605.320
MinimumVisualStudioVersion = 10.0.40219.1
Project("{FAE04EC0-301F-11D3-BF4B-00C04F79EFBC}") = "using_Json_Day3", "using_Json_Day3\using_Json_Day3.csproj", "{6C8234B6-8609-468C-94EE-2F4309F91726}"
EndProject
Global
	GlobalSection(SolutionConfigurationPlatforms) = preSolution
		Debug|Any CPU = Debug|Any CPU
		Release|Any CPU = Release|Any CPU
	EndGlobalSection
	GlobalSection(ProjectConfigurationPlatforms) = postSolution
		{6C8234B6-8609-468C-94EE-2F4309F91726}.Debug|Any CPU.ActiveCfg = Debug|Any CPU
		{6C8234B6-8609-468C-94EE-2F4309F91726}.Debug|Any CPU.Build.0 = Debug|Any CPU
		{6C8234B6-8609-468C-94EE-2F4309F91726}.Release|Any CPU.ActiveCfg = Release|Any CPU
		{6C8234B6-8609-468C-94EE-2F4309F91726}.Release|Any CPU.Build.0 = Release|Any CPU
	EndGlobalSection
	GlobalSection(SolutionProperties) = preSolution
		HideSolutionNode = FALSE
	EndGlobalSection
	GlobalSection(ExtensibilityGlobals) = postSolution
		SolutionGuid = {EAB76A75-82B6-474F-9739-0794D8C9779E}
	EndGlobalSection
EndGlobal
